
Microsoft Visual Studio Solution File, Format Version 12.00
# Visual Studio 15
VisualStudioVersion = 15.0.27130.2027
MinimumVisualStudioVersion = 10.0.40219.1
Project("{FAE04EC0-301F-11D3-BF4B-00C04F79EFBC}") = "UI", "UI\UI.csproj", "{1BEB5AA7-58A5-4A70-B86D-31A074FBD561}"
EndProject
Project("{FAE04EC0-301F-11D3-BF4B-00C04F79EFBC}") = "Model", "Model\Model.csproj", "{146958DE-D003-419B-A3E0-B472C89FBDC8}"
EndProject
Project("{FAE04EC0-301F-11D3-BF4B-00C04F79EFBC}") = "IDAL", "IDAL\IDAL.csproj", "{42EFA762-49B6-451A-B653-071D7874251B}"
EndProject
Project("{FAE04EC0-301F-11D3-BF4B-00C04F79EFBC}") = "DAL", "DAL\DAL.csproj", "{D13D5595-5950-4B47-A4AA-20904599E530}"
EndProject
Project("{FAE04EC0-301F-11D3-BF4B-00C04F79EFBC}") = "DALFactory", "DALFactory\DALFactory.csproj", "{2B9FE48A-667C-4AF5-8899-637E0C336F1F}"
EndProject
Project("{FAE04EC0-301F-11D3-BF4B-00C04F79EFBC}") = "IBLL", "IBLL\IBLL.csproj", "{A50C04B1-A4CD-4EAE-9FF3-FE5E8237A73A}"
EndProject
Project("{FAE04EC0-301F-11D3-BF4B-00C04F79EFBC}") = "BLL", "BLL\BLL.csproj", "{AED6F4EC-28B9-4ACB-B4E9-1D588AC8C354}"
EndProject
Project("{FAE04EC0-301F-11D3-BF4B-00C04F79EFBC}") = "Common", "Common\Common.csproj", "{4D770B39-A653-4281-93E5-32AF47AAED1D}"
EndProject
Project("{FAE04EC0-301F-11D3-BF4B-00C04F79EFBC}") = "WXCommonService", "WXCommonService\WXCommonService.csproj", "{ED2267ED-7A28-40BA-8602-E7DDE5EA3B65}"
EndProject
Project("{2150E333-8FDC-42A3-9474-1A3956D46DE8}") = "DAO", "DAO", "{E76E5CB1-4B06-4B17-A476-A8DA0822849D}"
EndProject
Project("{2150E333-8FDC-42A3-9474-1A3956D46DE8}") = "Server", "Server", "{FD9AC7F0-0CB4-4834-B8D0-36EEF844E982}"
EndProject
Global
	GlobalSection(SolutionConfigurationPlatforms) = preSolution
		Debug|Any CPU = Debug|Any CPU
		Release|Any CPU = Release|Any CPU
	EndGlobalSection
	GlobalSection(ProjectConfigurationPlatforms) = postSolution
		{1BEB5AA7-58A5-4A70-B86D-31A074FBD561}.Debug|Any CPU.ActiveCfg = Debug|Any CPU
		{1BEB5AA7-58A5-4A70-B86D-31A074FBD561}.Debug|Any CPU.Build.0 = Debug|Any CPU
		{1BEB5AA7-58A5-4A70-B86D-31A074FBD561}.Release|Any CPU.ActiveCfg = Release|Any CPU
		{1BEB5AA7-58A5-4A70-B86D-31A074FBD561}.Release|Any CPU.Build.0 = Release|Any CPU
		{146958DE-D003-419B-A3E0-B472C89FBDC8}.Debug|Any CPU.ActiveCfg = Debug|Any CPU
		{146958DE-D003-419B-A3E0-B472C89FBDC8}.Debug|Any CPU.Build.0 = Debug|Any CPU
		{146958DE-D003-419B-A3E0-B472C89FBDC8}.Release|Any CPU.ActiveCfg = Release|Any CPU
		{146958DE-D003-419B-A3E0-B472C89FBDC8}.Release|Any CPU.Build.0 = Release|Any CPU
		{42EFA762-49B6-451A-B653-071D7874251B}.Debug|Any CPU.ActiveCfg = Debug|Any CPU
		{42EFA762-49B6-451A-B653-071D7874251B}.Debug|Any CPU.Build.0 = Debug|Any CPU
		{42EFA762-49B6-451A-B653-071D7874251B}.Release|Any CPU.ActiveCfg = Release|Any CPU
		{42EFA762-49B6-451A-B653-071D7874251B}.Release|Any CPU.Build.0 = Release|Any CPU
		{D13D5595-5950-4B47-A4AA-20904599E530}.Debug|Any CPU.ActiveCfg = Debug|Any CPU
		{D13D5595-5950-4B47-A4AA-20904599E530}.Debug|Any CPU.Build.0 = Debug|Any CPU
		{D13D5595-5950-4B47-A4AA-20904599E530}.Release|Any CPU.ActiveCfg = Release|Any CPU
		{D13D5595-5950-4B47-A4AA-20904599E530}.Release|Any CPU.Build.0 = Release|Any CPU
		{2B9FE48A-667C-4AF5-8899-637E0C336F1F}.Debug|Any CPU.ActiveCfg = Debug|Any CPU
		{2B9FE48A-667C-4AF5-8899-637E0C336F1F}.Debug|Any CPU.Build.0 = Debug|Any CPU
		{2B9FE48A-667C-4AF5-8899-637E0C336F1F}.Release|Any CPU.ActiveCfg = Release|Any CPU
		{2B9FE48A-667C-4AF5-8899-637E0C336F1F}.Release|Any CPU.Build.0 = Release|Any CPU
		{A50C04B1-A4CD-4EAE-9FF3-FE5E8237A73A}.Debug|Any CPU.ActiveCfg = Debug|Any CPU
		{A50C04B1-A4CD-4EAE-9FF3-FE5E8237A73A}.Debug|Any CPU.Build.0 = Debug|Any CPU
		{A50C04B1-A4CD-4EAE-9FF3-FE5E8237A73A}.Release|Any CPU.ActiveCfg = Release|Any CPU
		{A50C04B1-A4CD-4EAE-9FF3-FE5E8237A73A}.Release|Any CPU.Build.0 = Release|Any CPU
		{AED6F4EC-28B9-4ACB-B4E9-1D588AC8C354}.Debug|Any CPU.ActiveCfg = Debug|Any CPU
		{AED6F4EC-28B9-4ACB-B4E9-1D588AC8C354}.Debug|Any CPU.Build.0 = Debug|Any CPU
		{AED6F4EC-28B9-4ACB-B4E9-1D588AC8C354}.Release|Any CPU.ActiveCfg = Release|Any CPU
		{AED6F4EC-28B9-4ACB-B4E9-1D588AC8C354}.Release|Any CPU.Build.0 = Release|Any CPU
		{4D770B39-A653-4281-93E5-32AF47AAED1D}.Debug|Any CPU.ActiveCfg = Debug|Any CPU
		{4D770B39-A653-4281-93E5-32AF47AAED1D}.Debug|Any CPU.Build.0 = Debug|Any CPU
		{4D770B39-A653-4281-93E5-32AF47AAED1D}.Release|Any CPU.ActiveCfg = Release|Any CPU
		{4D770B39-A653-4281-93E5-32AF47AAED1D}.Release|Any CPU.Build.0 = Release|Any CPU
		{ED2267ED-7A28-40BA-8602-E7DDE5EA3B65}.Debug|Any CPU.ActiveCfg = Debug|Any CPU
		{ED2267ED-7A28-40BA-8602-E7DDE5EA3B65}.Debug|Any CPU.Build.0 = Debug|Any CPU
		{ED2267ED-7A28-40BA-8602-E7DDE5EA3B65}.Release|Any CPU.ActiveCfg = Release|Any CPU
		{ED2267ED-7A28-40BA-8602-E7DDE5EA3B65}.Release|Any CPU.Build.0 = Release|Any CPU
	EndGlobalSection
	GlobalSection(SolutionProperties) = preSolution
		HideSolutionNode = FALSE
	EndGlobalSection
	GlobalSection(NestedProjects) = preSolution
		{42EFA762-49B6-451A-B653-071D7874251B} = {E76E5CB1-4B06-4B17-A476-A8DA0822849D}
		{D13D5595-5950-4B47-A4AA-20904599E530} = {E76E5CB1-4B06-4B17-A476-A8DA0822849D}
		{2B9FE48A-667C-4AF5-8899-637E0C336F1F} = {E76E5CB1-4B06-4B17-A476-A8DA0822849D}
		{A50C04B1-A4CD-4EAE-9FF3-FE5E8237A73A} = {FD9AC7F0-0CB4-4834-B8D0-36EEF844E982}
		{AED6F4EC-28B9-4ACB-B4E9-1D588AC8C354} = {FD9AC7F0-0CB4-4834-B8D0-36EEF844E982}
	EndGlobalSection
	GlobalSection(ExtensibilityGlobals) = postSolution
		SolutionGuid = {3081ACB8-5A3D-4A84-AEEE-03E6B8FFC9C4}
	EndGlobalSection
EndGlobal
